// !$*UTF8*$!
{
	archiveVersion = 1;
	classes = {
	};
	objectVersion = 55;
	objects = {

/* Begin PBXBuildFile section */
		31339C17286AAC6B00CB42DC /* TwitterSwiftUIApp.swift in Sources */ = {isa = PBXBuildFile; fileRef = 31339C16286AAC6B00CB42DC /* TwitterSwiftUIApp.swift */; };
		31339C19286AAC6C00CB42DC /* ContentView.swift in Sources */ = {isa = PBXBuildFile; fileRef = 31339C18286AAC6C00CB42DC /* ContentView.swift */; };
		31339C1B286AAC6D00CB42DC /* Assets.xcassets in Resources */ = {isa = PBXBuildFile; fileRef = 31339C1A286AAC6D00CB42DC /* Assets.xcassets */; };
		31339C1E286AAC6D00CB42DC /* Preview Assets.xcassets in Resources */ = {isa = PBXBuildFile; fileRef = 31339C1D286AAC6D00CB42DC /* Preview Assets.xcassets */; };
		31339C29286AAFD700CB42DC /* FeedView.swift in Sources */ = {isa = PBXBuildFile; fileRef = 31339C28286AAFD700CB42DC /* FeedView.swift */; };
		31339C2B286AB27200CB42DC /* TweetCell.swift in Sources */ = {isa = PBXBuildFile; fileRef = 31339C2A286AB27200CB42DC /* TweetCell.swift */; };
		31339C2D286AB78F00CB42DC /* SearchView.swift in Sources */ = {isa = PBXBuildFile; fileRef = 31339C2C286AB78F00CB42DC /* SearchView.swift */; };
		31339C2F286AB7C600CB42DC /* SearchBar.swift in Sources */ = {isa = PBXBuildFile; fileRef = 31339C2E286AB7C600CB42DC /* SearchBar.swift */; };
		31339C31286AE80000CB42DC /* UserCell.swift in Sources */ = {isa = PBXBuildFile; fileRef = 31339C30286AE80000CB42DC /* UserCell.swift */; };
		31339C34286AE94C00CB42DC /* ConversationsView.swift in Sources */ = {isa = PBXBuildFile; fileRef = 31339C33286AE94C00CB42DC /* ConversationsView.swift */; };
		31339C36286AE9CF00CB42DC /* ConversationCell.swift in Sources */ = {isa = PBXBuildFile; fileRef = 31339C35286AE9CF00CB42DC /* ConversationCell.swift */; };
		31339C38286AF00E00CB42DC /* MessageInputView.swift in Sources */ = {isa = PBXBuildFile; fileRef = 31339C37286AF00E00CB42DC /* MessageInputView.swift */; };
		31339C3A286AF1E100CB42DC /* ChatView.swift in Sources */ = {isa = PBXBuildFile; fileRef = 31339C39286AF1E100CB42DC /* ChatView.swift */; };
		31339C3C286AF2E100CB42DC /* ChatBubble.swift in Sources */ = {isa = PBXBuildFile; fileRef = 31339C3B286AF2E000CB42DC /* ChatBubble.swift */; };
		31339C3E286AF68C00CB42DC /* Message.swift in Sources */ = {isa = PBXBuildFile; fileRef = 31339C3D286AF68C00CB42DC /* Message.swift */; };
		31339C40286AF95D00CB42DC /* MessageView.swift in Sources */ = {isa = PBXBuildFile; fileRef = 31339C3F286AF95D00CB42DC /* MessageView.swift */; };
		31339C42286AFAEA00CB42DC /* NewMessageView.swift in Sources */ = {isa = PBXBuildFile; fileRef = 31339C41286AFAEA00CB42DC /* NewMessageView.swift */; };
		31339C45286AFDEF00CB42DC /* UserProfileView.swift in Sources */ = {isa = PBXBuildFile; fileRef = 31339C44286AFDEF00CB42DC /* UserProfileView.swift */; };
		31339C47286AFE8200CB42DC /* ProfileHeaderView.swift in Sources */ = {isa = PBXBuildFile; fileRef = 31339C46286AFE8200CB42DC /* ProfileHeaderView.swift */; };
		31339C49286AFE8B00CB42DC /* ProfileActionButtonView.swift in Sources */ = {isa = PBXBuildFile; fileRef = 31339C48286AFE8B00CB42DC /* ProfileActionButtonView.swift */; };
		31339C4B286AFEA100CB42DC /* FilterButtonView.swift in Sources */ = {isa = PBXBuildFile; fileRef = 31339C4A286AFEA100CB42DC /* FilterButtonView.swift */; };
		31339C4E286BBABE00CB42DC /* NewTweetView.swift in Sources */ = {isa = PBXBuildFile; fileRef = 31339C4D286BBABE00CB42DC /* NewTweetView.swift */; };
		31339C50286BC16B00CB42DC /* TextArea.swift in Sources */ = {isa = PBXBuildFile; fileRef = 31339C4F286BC16B00CB42DC /* TextArea.swift */; };
		31339C53286C2F7900CB42DC /* LoginView.swift in Sources */ = {isa = PBXBuildFile; fileRef = 31339C52286C2F7900CB42DC /* LoginView.swift */; };
		31339C56286C33F000CB42DC /* CustomTextField.swift in Sources */ = {isa = PBXBuildFile; fileRef = 31339C55286C33F000CB42DC /* CustomTextField.swift */; };
		31339C58286C3E1400CB42DC /* CustomSecureField.swift in Sources */ = {isa = PBXBuildFile; fileRef = 31339C57286C3E1300CB42DC /* CustomSecureField.swift */; };
		31339C5A286C456700CB42DC /* RegistrationView.swift in Sources */ = {isa = PBXBuildFile; fileRef = 31339C59286C456700CB42DC /* RegistrationView.swift */; };
		31339C5C286D7D8800CB42DC /* ImagePicker.swift in Sources */ = {isa = PBXBuildFile; fileRef = 31339C5B286D7D8800CB42DC /* ImagePicker.swift */; };
		31339C5E2871377400CB42DC /* GoogleService-Info.plist in Resources */ = {isa = PBXBuildFile; fileRef = 31339C5D2871377400CB42DC /* GoogleService-Info.plist */; };
		31339C61287138EB00CB42DC /* FirebaseAuth in Frameworks */ = {isa = PBXBuildFile; productRef = 31339C60287138EB00CB42DC /* FirebaseAuth */; };
		31339C63287138EB00CB42DC /* FirebaseFirestore in Frameworks */ = {isa = PBXBuildFile; productRef = 31339C62287138EB00CB42DC /* FirebaseFirestore */; };
		31339C65287138EB00CB42DC /* FirebaseFunctions in Frameworks */ = {isa = PBXBuildFile; productRef = 31339C64287138EB00CB42DC /* FirebaseFunctions */; };
		31339C67287138EB00CB42DC /* FirebaseStorage in Frameworks */ = {isa = PBXBuildFile; productRef = 31339C66287138EB00CB42DC /* FirebaseStorage */; };
		31339C6928713C2F00CB42DC /* AuthViewModel.swift in Sources */ = {isa = PBXBuildFile; fileRef = 31339C6828713C2F00CB42DC /* AuthViewModel.swift */; };
		31499B692873BF4500B9CB73 /* User.swift in Sources */ = {isa = PBXBuildFile; fileRef = 31499B682873BF4500B9CB73 /* User.swift */; };
		31499B6B2876361F00B9CB73 /* SearchViewModel.swift in Sources */ = {isa = PBXBuildFile; fileRef = 31499B6A2876361F00B9CB73 /* SearchViewModel.swift */; };
		31499B6E2876467300B9CB73 /* Kingfisher in Frameworks */ = {isa = PBXBuildFile; productRef = 31499B6D2876467300B9CB73 /* Kingfisher */; };
		31499B7028764B5B00B9CB73 /* Constants.swift in Sources */ = {isa = PBXBuildFile; fileRef = 31499B6F28764B5B00B9CB73 /* Constants.swift */; };
		31499B722876503D00B9CB73 /* ProfileViewModel.swift in Sources */ = {isa = PBXBuildFile; fileRef = 31499B712876503D00B9CB73 /* ProfileViewModel.swift */; };
		31499B742876DFC900B9CB73 /* UploadTweetViewModel.swift in Sources */ = {isa = PBXBuildFile; fileRef = 31499B732876DFC900B9CB73 /* UploadTweetViewModel.swift */; };
		31499B762876E5C000B9CB73 /* FeedViewModel.swift in Sources */ = {isa = PBXBuildFile; fileRef = 31499B752876E5C000B9CB73 /* FeedViewModel.swift */; };
		31499B782876E5E200B9CB73 /* Tweet.swift in Sources */ = {isa = PBXBuildFile; fileRef = 31499B772876E5E200B9CB73 /* Tweet.swift */; };
		31499B7A2878FFB400B9CB73 /* TweetDetailView.swift in Sources */ = {isa = PBXBuildFile; fileRef = 31499B792878FFB300B9CB73 /* TweetDetailView.swift */; };
		31499B7C287907AE00B9CB73 /* TweetActionView.swift in Sources */ = {isa = PBXBuildFile; fileRef = 31499B7B287907AE00B9CB73 /* TweetActionView.swift */; };
		31499B7E2879094600B9CB73 /* TweetActionViewModel.swift in Sources */ = {isa = PBXBuildFile; fileRef = 31499B7D2879094600B9CB73 /* TweetActionViewModel.swift */; };
		31499B80287920F600B9CB73 /* LazyView.swift in Sources */ = {isa = PBXBuildFile; fileRef = 31499B7F287920F600B9CB73 /* LazyView.swift */; };
		31499B82287A590000B9CB73 /* ChatViewModel.swift in Sources */ = {isa = PBXBuildFile; fileRef = 31499B81287A590000B9CB73 /* ChatViewModel.swift */; };
		31499B84287A65A200B9CB73 /* ConversationsViewModel.swift in Sources */ = {isa = PBXBuildFile; fileRef = 31499B83287A65A200B9CB73 /* ConversationsViewModel.swift */; };
/* End PBXBuildFile section */

/* Begin PBXFileReference section */
		31339C13286AAC6B00CB42DC /* TwitterSwiftUI.app */ = {isa = PBXFileReference; explicitFileType = wrapper.application; includeInIndex = 0; path = TwitterSwiftUI.app; sourceTree = BUILT_PRODUCTS_DIR; };
		31339C16286AAC6B00CB42DC /* TwitterSwiftUIApp.swift */ = {isa = PBXFileReference; lastKnownFileType = sourcecode.swift; path = TwitterSwiftUIApp.swift; sourceTree = "<group>"; };
		31339C18286AAC6C00CB42DC /* ContentView.swift */ = {isa = PBXFileReference; lastKnownFileType = sourcecode.swift; path = ContentView.swift; sourceTree = "<group>"; };
		31339C1A286AAC6D00CB42DC /* Assets.xcassets */ = {isa = PBXFileReference; lastKnownFileType = folder.assetcatalog; path = Assets.xcassets; sourceTree = "<group>"; };
		31339C1D286AAC6D00CB42DC /* Preview Assets.xcassets */ = {isa = PBXFileReference; lastKnownFileType = folder.assetcatalog; path = "Preview Assets.xcassets"; sourceTree = "<group>"; };
		31339C28286AAFD700CB42DC /* FeedView.swift */ = {isa = PBXFileReference; lastKnownFileType = sourcecode.swift; path = FeedView.swift; sourceTree = "<group>"; };
		31339C2A286AB27200CB42DC /* TweetCell.swift */ = {isa = PBXFileReference; lastKnownFileType = sourcecode.swift; path = TweetCell.swift; sourceTree = "<group>"; };
		31339C2C286AB78F00CB42DC /* SearchView.swift */ = {isa = PBXFileReference; lastKnownFileType = sourcecode.swift; path = SearchView.swift; sourceTree = "<group>"; };
		31339C2E286AB7C600CB42DC /* SearchBar.swift */ = {isa = PBXFileReference; lastKnownFileType = sourcecode.swift; path = SearchBar.swift; sourceTree = "<group>"; };
		31339C30286AE80000CB42DC /* UserCell.swift */ = {isa = PBXFileReference; lastKnownFileType = sourcecode.swift; path = UserCell.swift; sourceTree = "<group>"; };
		31339C33286AE94C00CB42DC /* ConversationsView.swift */ = {isa = PBXFileReference; lastKnownFileType = sourcecode.swift; path = ConversationsView.swift; sourceTree = "<group>"; };
		31339C35286AE9CF00CB42DC /* ConversationCell.swift */ = {isa = PBXFileReference; lastKnownFileType = sourcecode.swift; path = ConversationCell.swift; sourceTree = "<group>"; };
		31339C37286AF00E00CB42DC /* MessageInputView.swift */ = {isa = PBXFileReference; lastKnownFileType = sourcecode.swift; path = MessageInputView.swift; sourceTree = "<group>"; };
		31339C39286AF1E100CB42DC /* ChatView.swift */ = {isa = PBXFileReference; lastKnownFileType = sourcecode.swift; path = ChatView.swift; sourceTree = "<group>"; };
		31339C3B286AF2E000CB42DC /* ChatBubble.swift */ = {isa = PBXFileReference; lastKnownFileType = sourcecode.swift; path = ChatBubble.swift; sourceTree = "<group>"; };
		31339C3D286AF68C00CB42DC /* Message.swift */ = {isa = PBXFileReference; lastKnownFileType = sourcecode.swift; path = Message.swift; sourceTree = "<group>"; };
		31339C3F286AF95D00CB42DC /* MessageView.swift */ = {isa = PBXFileReference; lastKnownFileType = sourcecode.swift; path = MessageView.swift; sourceTree = "<group>"; };
		31339C41286AFAEA00CB42DC /* NewMessageView.swift */ = {isa = PBXFileReference; lastKnownFileType = sourcecode.swift; path = NewMessageView.swift; sourceTree = "<group>"; };
		31339C44286AFDEF00CB42DC /* UserProfileView.swift */ = {isa = PBXFileReference; lastKnownFileType = sourcecode.swift; path = UserProfileView.swift; sourceTree = "<group>"; };
		31339C46286AFE8200CB42DC /* ProfileHeaderView.swift */ = {isa = PBXFileReference; lastKnownFileType = sourcecode.swift; path = ProfileHeaderView.swift; sourceTree = "<group>"; };
		31339C48286AFE8B00CB42DC /* ProfileActionButtonView.swift */ = {isa = PBXFileReference; lastKnownFileType = sourcecode.swift; path = ProfileActionButtonView.swift; sourceTree = "<group>"; };
		31339C4A286AFEA100CB42DC /* FilterButtonView.swift */ = {isa = PBXFileReference; lastKnownFileType = sourcecode.swift; path = FilterButtonView.swift; sourceTree = "<group>"; };
		31339C4D286BBABE00CB42DC /* NewTweetView.swift */ = {isa = PBXFileReference; lastKnownFileType = sourcecode.swift; path = NewTweetView.swift; sourceTree = "<group>"; };
		31339C4F286BC16B00CB42DC /* TextArea.swift */ = {isa = PBXFileReference; lastKnownFileType = sourcecode.swift; path = TextArea.swift; sourceTree = "<group>"; };
		31339C52286C2F7900CB42DC /* LoginView.swift */ = {isa = PBXFileReference; lastKnownFileType = sourcecode.swift; path = LoginView.swift; sourceTree = "<group>"; };
		31339C55286C33F000CB42DC /* CustomTextField.swift */ = {isa = PBXFileReference; lastKnownFileType = sourcecode.swift; path = CustomTextField.swift; sourceTree = "<group>"; };
		31339C57286C3E1300CB42DC /* CustomSecureField.swift */ = {isa = PBXFileReference; lastKnownFileType = sourcecode.swift; path = CustomSecureField.swift; sourceTree = "<group>"; };
		31339C59286C456700CB42DC /* RegistrationView.swift */ = {isa = PBXFileReference; lastKnownFileType = sourcecode.swift; path = RegistrationView.swift; sourceTree = "<group>"; };
		31339C5B286D7D8800CB42DC /* ImagePicker.swift */ = {isa = PBXFileReference; lastKnownFileType = sourcecode.swift; path = ImagePicker.swift; sourceTree = "<group>"; };
		31339C5D2871377400CB42DC /* GoogleService-Info.plist */ = {isa = PBXFileReference; fileEncoding = 4; lastKnownFileType = text.plist.xml; path = "GoogleService-Info.plist"; sourceTree = "<group>"; };
		31339C6828713C2F00CB42DC /* AuthViewModel.swift */ = {isa = PBXFileReference; lastKnownFileType = sourcecode.swift; path = AuthViewModel.swift; sourceTree = "<group>"; };
		31499B682873BF4500B9CB73 /* User.swift */ = {isa = PBXFileReference; lastKnownFileType = sourcecode.swift; path = User.swift; sourceTree = "<group>"; };
		31499B6A2876361F00B9CB73 /* SearchViewModel.swift */ = {isa = PBXFileReference; lastKnownFileType = sourcecode.swift; path = SearchViewModel.swift; sourceTree = "<group>"; };
		31499B6F28764B5B00B9CB73 /* Constants.swift */ = {isa = PBXFileReference; lastKnownFileType = sourcecode.swift; path = Constants.swift; sourceTree = "<group>"; };
		31499B712876503D00B9CB73 /* ProfileViewModel.swift */ = {isa = PBXFileReference; lastKnownFileType = sourcecode.swift; path = ProfileViewModel.swift; sourceTree = "<group>"; };
		31499B732876DFC900B9CB73 /* UploadTweetViewModel.swift */ = {isa = PBXFileReference; lastKnownFileType = sourcecode.swift; path = UploadTweetViewModel.swift; sourceTree = "<group>"; };
		31499B752876E5C000B9CB73 /* FeedViewModel.swift */ = {isa = PBXFileReference; lastKnownFileType = sourcecode.swift; path = FeedViewModel.swift; sourceTree = "<group>"; };
		31499B772876E5E200B9CB73 /* Tweet.swift */ = {isa = PBXFileReference; lastKnownFileType = sourcecode.swift; path = Tweet.swift; sourceTree = "<group>"; };
		31499B792878FFB300B9CB73 /* TweetDetailView.swift */ = {isa = PBXFileReference; lastKnownFileType = sourcecode.swift; path = TweetDetailView.swift; sourceTree = "<group>"; };
		31499B7B287907AE00B9CB73 /* TweetActionView.swift */ = {isa = PBXFileReference; lastKnownFileType = sourcecode.swift; path = TweetActionView.swift; sourceTree = "<group>"; };
		31499B7D2879094600B9CB73 /* TweetActionViewModel.swift */ = {isa = PBXFileReference; lastKnownFileType = sourcecode.swift; path = TweetActionViewModel.swift; sourceTree = "<group>"; };
		31499B7F287920F600B9CB73 /* LazyView.swift */ = {isa = PBXFileReference; lastKnownFileType = sourcecode.swift; path = LazyView.swift; sourceTree = "<group>"; };
		31499B81287A590000B9CB73 /* ChatViewModel.swift */ = {isa = PBXFileReference; lastKnownFileType = sourcecode.swift; path = ChatViewModel.swift; sourceTree = "<group>"; };
		31499B83287A65A200B9CB73 /* ConversationsViewModel.swift */ = {isa = PBXFileReference; lastKnownFileType = sourcecode.swift; path = ConversationsViewModel.swift; sourceTree = "<group>"; };
/* End PBXFileReference section */

/* Begin PBXFrameworksBuildPhase section */
		31339C10286AAC6B00CB42DC /* Frameworks */ = {
			isa = PBXFrameworksBuildPhase;
			buildActionMask = 2147483647;
			files = (
				31339C65287138EB00CB42DC /* FirebaseFunctions in Frameworks */,
				31339C67287138EB00CB42DC /* FirebaseStorage in Frameworks */,
				31339C61287138EB00CB42DC /* FirebaseAuth in Frameworks */,
				31339C63287138EB00CB42DC /* FirebaseFirestore in Frameworks */,
				31499B6E2876467300B9CB73 /* Kingfisher in Frameworks */,
			);
			runOnlyForDeploymentPostprocessing = 0;
		};
/* End PBXFrameworksBuildPhase section */

/* Begin PBXGroup section */
		31339C0A286AAC6B00CB42DC = {
			isa = PBXGroup;
			children = (
				31339C15286AAC6B00CB42DC /* TwitterSwiftUI */,
				31339C14286AAC6B00CB42DC /* Products */,
			);
			sourceTree = "<group>";
		};
		31339C14286AAC6B00CB42DC /* Products */ = {
			isa = PBXGroup;
			children = (
				31339C13286AAC6B00CB42DC /* TwitterSwiftUI.app */,
			);
			name = Products;
			sourceTree = "<group>";
		};
		31339C15286AAC6B00CB42DC /* TwitterSwiftUI */ = {
			isa = PBXGroup;
			children = (
				31339C24286AAF7000CB42DC /* Model */,
				31339C54286C33DA00CB42DC /* Utils */,
				31339C27286AAF9600CB42DC /* ViewModels */,
				31339C25286AAF7800CB42DC /* View */,
				31339C1A286AAC6D00CB42DC /* Assets.xcassets */,
				31339C16286AAC6B00CB42DC /* TwitterSwiftUIApp.swift */,
				31339C1C286AAC6D00CB42DC /* Preview Content */,
			);
			path = TwitterSwiftUI;
			sourceTree = "<group>";
		};
		31339C1C286AAC6D00CB42DC /* Preview Content */ = {
			isa = PBXGroup;
			children = (
				31339C1D286AAC6D00CB42DC /* Preview Assets.xcassets */,
			);
			path = "Preview Content";
			sourceTree = "<group>";
		};
		31339C24286AAF7000CB42DC /* Model */ = {
			isa = PBXGroup;
			children = (
				31339C3D286AF68C00CB42DC /* Message.swift */,
				31499B682873BF4500B9CB73 /* User.swift */,
				31499B772876E5E200B9CB73 /* Tweet.swift */,
			);
			path = Model;
			sourceTree = "<group>";
		};
		31339C25286AAF7800CB42DC /* View */ = {
			isa = PBXGroup;
			children = (
				31499B88287A842100B9CB73 /* Main */,
				31339C51286C2F6200CB42DC /* Authentication */,
				31339C4C286BBAA800CB42DC /* Tweets */,
				31339C43286AFDE200CB42DC /* Profile */,
				31339C32286AE93200CB42DC /* Messages */,
				31499B85287A833300B9CB73 /* Feed */,
				31499B86287A839100B9CB73 /* Search */,
				31499B87287A83AF00B9CB73 /* API */,
				31339C5D2871377400CB42DC /* GoogleService-Info.plist */,
			);
			path = View;
			sourceTree = "<group>";
		};
		31339C27286AAF9600CB42DC /* ViewModels */ = {
			isa = PBXGroup;
			children = (
				31339C6828713C2F00CB42DC /* AuthViewModel.swift */,
				31499B6A2876361F00B9CB73 /* SearchViewModel.swift */,
				31499B712876503D00B9CB73 /* ProfileViewModel.swift */,
				31499B732876DFC900B9CB73 /* UploadTweetViewModel.swift */,
				31499B752876E5C000B9CB73 /* FeedViewModel.swift */,
				31499B7D2879094600B9CB73 /* TweetActionViewModel.swift */,
				31499B81287A590000B9CB73 /* ChatViewModel.swift */,
				31499B83287A65A200B9CB73 /* ConversationsViewModel.swift */,
			);
			path = ViewModels;
			sourceTree = "<group>";
		};
		31339C32286AE93200CB42DC /* Messages */ = {
			isa = PBXGroup;
			children = (
				31339C35286AE9CF00CB42DC /* ConversationCell.swift */,
				31339C33286AE94C00CB42DC /* ConversationsView.swift */,
				31339C37286AF00E00CB42DC /* MessageInputView.swift */,
				31339C39286AF1E100CB42DC /* ChatView.swift */,
				31339C3F286AF95D00CB42DC /* MessageView.swift */,
				31339C41286AFAEA00CB42DC /* NewMessageView.swift */,
				31339C3B286AF2E000CB42DC /* ChatBubble.swift */,
			);
			path = Messages;
			sourceTree = "<group>";
		};
		31339C43286AFDE200CB42DC /* Profile */ = {
			isa = PBXGroup;
			children = (
				31339C44286AFDEF00CB42DC /* UserProfileView.swift */,
				31339C46286AFE8200CB42DC /* ProfileHeaderView.swift */,
				31339C48286AFE8B00CB42DC /* ProfileActionButtonView.swift */,
				31339C4A286AFEA100CB42DC /* FilterButtonView.swift */,
			);
			path = Profile;
			sourceTree = "<group>";
		};
		31339C4C286BBAA800CB42DC /* Tweets */ = {
			isa = PBXGroup;
			children = (
				31339C2A286AB27200CB42DC /* TweetCell.swift */,
				31499B7B287907AE00B9CB73 /* TweetActionView.swift */,
				31339C4D286BBABE00CB42DC /* NewTweetView.swift */,
				31499B792878FFB300B9CB73 /* TweetDetailView.swift */,
			);
			name = Tweets;
			sourceTree = "<group>";
		};
		31339C51286C2F6200CB42DC /* Authentication */ = {
			isa = PBXGroup;
			children = (
				31339C52286C2F7900CB42DC /* LoginView.swift */,
				31339C59286C456700CB42DC /* RegistrationView.swift */,
			);
			name = Authentication;
			path = ..;
			sourceTree = "<group>";
		};
		31339C54286C33DA00CB42DC /* Utils */ = {
			isa = PBXGroup;
			children = (
				31339C55286C33F000CB42DC /* CustomTextField.swift */,
				31339C57286C3E1300CB42DC /* CustomSecureField.swift */,
				31339C5B286D7D8800CB42DC /* ImagePicker.swift */,
				31339C4F286BC16B00CB42DC /* TextArea.swift */,
				31499B7F287920F600B9CB73 /* LazyView.swift */,
			);
			path = Utils;
			sourceTree = "<group>";
		};
		31499B85287A833300B9CB73 /* Feed */ = {
			isa = PBXGroup;
			children = (
				31339C28286AAFD700CB42DC /* FeedView.swift */,
			);
			path = Feed;
			sourceTree = "<group>";
		};
		31499B86287A839100B9CB73 /* Search */ = {
			isa = PBXGroup;
			children = (
				31339C2C286AB78F00CB42DC /* SearchView.swift */,
				31339C30286AE80000CB42DC /* UserCell.swift */,
				31339C2E286AB7C600CB42DC /* SearchBar.swift */,
			);
			path = Search;
			sourceTree = "<group>";
		};
		31499B87287A83AF00B9CB73 /* API */ = {
			isa = PBXGroup;
			children = (
				31499B6F28764B5B00B9CB73 /* Constants.swift */,
			);
			path = API;
			sourceTree = "<group>";
		};
		31499B88287A842100B9CB73 /* Main */ = {
			isa = PBXGroup;
			children = (
				31339C18286AAC6C00CB42DC /* ContentView.swift */,
			);
			path = Main;
			sourceTree = "<group>";
		};
/* End PBXGroup section */

/* Begin PBXNativeTarget section */
		31339C12286AAC6B00CB42DC /* TwitterSwiftUI */ = {
			isa = PBXNativeTarget;
			buildConfigurationList = 31339C21286AAC6D00CB42DC /* Build configuration list for PBXNativeTarget "TwitterSwiftUI" */;
			buildPhases = (
				31339C0F286AAC6B00CB42DC /* Sources */,
				31339C10286AAC6B00CB42DC /* Frameworks */,
				31339C11286AAC6B00CB42DC /* Resources */,
			);
			buildRules = (
			);
			dependencies = (
			);
			name = TwitterSwiftUI;
			packageProductDependencies = (
				31339C60287138EB00CB42DC /* FirebaseAuth */,
				31339C62287138EB00CB42DC /* FirebaseFirestore */,
				31339C64287138EB00CB42DC /* FirebaseFunctions */,
				31339C66287138EB00CB42DC /* FirebaseStorage */,
				31499B6D2876467300B9CB73 /* Kingfisher */,
			);
			productName = TwitterSwiftUI;
			productReference = 31339C13286AAC6B00CB42DC /* TwitterSwiftUI.app */;
			productType = "com.apple.product-type.application";
		};
/* End PBXNativeTarget section */

/* Begin PBXProject section */
		31339C0B286AAC6B00CB42DC /* Project object */ = {
			isa = PBXProject;
			attributes = {
				BuildIndependentTargetsInParallel = 1;
				LastSwiftUpdateCheck = 1340;
				LastUpgradeCheck = 1340;
				TargetAttributes = {
					31339C12286AAC6B00CB42DC = {
						CreatedOnToolsVersion = 13.4.1;
					};
				};
			};
			buildConfigurationList = 31339C0E286AAC6B00CB42DC /* Build configuration list for PBXProject "TwitterSwiftUI" */;
			compatibilityVersion = "Xcode 13.0";
			developmentRegion = en;
			hasScannedForEncodings = 0;
			knownRegions = (
				en,
				Base,
			);
			mainGroup = 31339C0A286AAC6B00CB42DC;
			packageReferences = (
				31339C5F287138EB00CB42DC /* XCRemoteSwiftPackageReference "firebase-ios-sdk" */,
				31499B6C2876467300B9CB73 /* XCRemoteSwiftPackageReference "Kingfisher" */,
			);
			productRefGroup = 31339C14286AAC6B00CB42DC /* Products */;
			projectDirPath = "";
			projectRoot = "";
			targets = (
				31339C12286AAC6B00CB42DC /* TwitterSwiftUI */,
			);
		};
/* End PBXProject section */

/* Begin PBXResourcesBuildPhase section */
		31339C11286AAC6B00CB42DC /* Resources */ = {
			isa = PBXResourcesBuildPhase;
			buildActionMask = 2147483647;
			files = (
				31339C1E286AAC6D00CB42DC /* Preview Assets.xcassets in Resources */,
				31339C1B286AAC6D00CB42DC /* Assets.xcassets in Resources */,
				31339C5E2871377400CB42DC /* GoogleService-Info.plist in Resources */,
			);
			runOnlyForDeploymentPostprocessing = 0;
		};
/* End PBXResourcesBuildPhase section */

/* Begin PBXSourcesBuildPhase section */
		31339C0F286AAC6B00CB42DC /* Sources */ = {
			isa = PBXSourcesBuildPhase;
			buildActionMask = 2147483647;
			files = (
				31499B80287920F600B9CB73 /* LazyView.swift in Sources */,
				31499B84287A65A200B9CB73 /* ConversationsViewModel.swift in Sources */,
				31339C2D286AB78F00CB42DC /* SearchView.swift in Sources */,
				31339C50286BC16B00CB42DC /* TextArea.swift in Sources */,
				31339C38286AF00E00CB42DC /* MessageInputView.swift in Sources */,
				31339C19286AAC6C00CB42DC /* ContentView.swift in Sources */,
				31339C56286C33F000CB42DC /* CustomTextField.swift in Sources */,
				31499B782876E5E200B9CB73 /* Tweet.swift in Sources */,
				31499B7028764B5B00B9CB73 /* Constants.swift in Sources */,
				31339C29286AAFD700CB42DC /* FeedView.swift in Sources */,
				31339C47286AFE8200CB42DC /* ProfileHeaderView.swift in Sources */,
				31339C3A286AF1E100CB42DC /* ChatView.swift in Sources */,
				31339C34286AE94C00CB42DC /* ConversationsView.swift in Sources */,
				31339C53286C2F7900CB42DC /* LoginView.swift in Sources */,
				31499B82287A590000B9CB73 /* ChatViewModel.swift in Sources */,
				31339C4E286BBABE00CB42DC /* NewTweetView.swift in Sources */,
				31499B762876E5C000B9CB73 /* FeedViewModel.swift in Sources */,
				31499B722876503D00B9CB73 /* ProfileViewModel.swift in Sources */,
				31339C4B286AFEA100CB42DC /* FilterButtonView.swift in Sources */,
				31339C17286AAC6B00CB42DC /* TwitterSwiftUIApp.swift in Sources */,
				31499B742876DFC900B9CB73 /* UploadTweetViewModel.swift in Sources */,
				31339C5C286D7D8800CB42DC /* ImagePicker.swift in Sources */,
				31339C3C286AF2E100CB42DC /* ChatBubble.swift in Sources */,
				31339C5A286C456700CB42DC /* RegistrationView.swift in Sources */,
				31499B7E2879094600B9CB73 /* TweetActionViewModel.swift in Sources */,
				31339C2B286AB27200CB42DC /* TweetCell.swift in Sources */,
				31499B7A2878FFB400B9CB73 /* TweetDetailView.swift in Sources */,
				31339C6928713C2F00CB42DC /* AuthViewModel.swift in Sources */,
				31499B6B2876361F00B9CB73 /* SearchViewModel.swift in Sources */,
				31339C42286AFAEA00CB42DC /* NewMessageView.swift in Sources */,
				31499B7C287907AE00B9CB73 /* TweetActionView.swift in Sources */,
				31339C58286C3E1400CB42DC /* CustomSecureField.swift in Sources */,
				31499B692873BF4500B9CB73 /* User.swift in Sources */,
				31339C3E286AF68C00CB42DC /* Message.swift in Sources */,
				31339C45286AFDEF00CB42DC /* UserProfileView.swift in Sources */,
				31339C2F286AB7C600CB42DC /* SearchBar.swift in Sources */,
				31339C49286AFE8B00CB42DC /* ProfileActionButtonView.swift in Sources */,
				31339C31286AE80000CB42DC /* UserCell.swift in Sources */,
				31339C40286AF95D00CB42DC /* MessageView.swift in Sources */,
				31339C36286AE9CF00CB42DC /* ConversationCell.swift in Sources */,
			);
			runOnlyForDeploymentPostprocessing = 0;
		};
/* End PBXSourcesBuildPhase section */

/* Begin XCBuildConfiguration section */
		31339C1F286AAC6D00CB42DC /* Debug */ = {
			isa = XCBuildConfiguration;
			buildSettings = {
				ALWAYS_SEARCH_USER_PATHS = NO;
				CLANG_ANALYZER_NONNULL = YES;
				CLANG_ANALYZER_NUMBER_OBJECT_CONVERSION = YES_AGGRESSIVE;
				CLANG_CXX_LANGUAGE_STANDARD = "gnu++17";
				CLANG_ENABLE_MODULES = YES;
				CLANG_ENABLE_OBJC_ARC = YES;
				CLANG_ENABLE_OBJC_WEAK = YES;
				CLANG_WARN_BLOCK_CAPTURE_AUTORELEASING = YES;
				CLANG_WARN_BOOL_CONVERSION = YES;
				CLANG_WARN_COMMA = YES;
				CLANG_WARN_CONSTANT_CONVERSION = YES;
				CLANG_WARN_DEPRECATED_OBJC_IMPLEMENTATIONS = YES;
				CLANG_WARN_DIRECT_OBJC_ISA_USAGE = YES_ERROR;
				CLANG_WARN_DOCUMENTATION_COMMENTS = YES;
				CLANG_WARN_EMPTY_BODY = YES;
				CLANG_WARN_ENUM_CONVERSION = YES;
				CLANG_WARN_INFINITE_RECURSION = YES;
				CLANG_WARN_INT_CONVERSION = YES;
				CLANG_WARN_NON_LITERAL_NULL_CONVERSION = YES;
				CLANG_WARN_OBJC_IMPLICIT_RETAIN_SELF = YES;
				CLANG_WARN_OBJC_LITERAL_CONVERSION = YES;
				CLANG_WARN_OBJC_ROOT_CLASS = YES_ERROR;
				CLANG_WARN_QUOTED_INCLUDE_IN_FRAMEWORK_HEADER = YES;
				CLANG_WARN_RANGE_LOOP_ANALYSIS = YES;
				CLANG_WARN_STRICT_PROTOTYPES = YES;
				CLANG_WARN_SUSPICIOUS_MOVE = YES;
				CLANG_WARN_UNGUARDED_AVAILABILITY = YES_AGGRESSIVE;
				CLANG_WARN_UNREACHABLE_CODE = YES;
				CLANG_WARN__DUPLICATE_METHOD_MATCH = YES;
				COPY_PHASE_STRIP = NO;
				DEBUG_INFORMATION_FORMAT = dwarf;
				ENABLE_STRICT_OBJC_MSGSEND = YES;
				ENABLE_TESTABILITY = YES;
				GCC_C_LANGUAGE_STANDARD = gnu11;
				GCC_DYNAMIC_NO_PIC = NO;
				GCC_NO_COMMON_BLOCKS = YES;
				GCC_OPTIMIZATION_LEVEL = 0;
				GCC_PREPROCESSOR_DEFINITIONS = (
					"DEBUG=1",
					"$(inherited)",
				);
				GCC_WARN_64_TO_32_BIT_CONVERSION = YES;
				GCC_WARN_ABOUT_RETURN_TYPE = YES_ERROR;
				GCC_WARN_UNDECLARED_SELECTOR = YES;
				GCC_WARN_UNINITIALIZED_AUTOS = YES_AGGRESSIVE;
				GCC_WARN_UNUSED_FUNCTION = YES;
				GCC_WARN_UNUSED_VARIABLE = YES;
				IPHONEOS_DEPLOYMENT_TARGET = 15.5;
				MTL_ENABLE_DEBUG_INFO = INCLUDE_SOURCE;
				MTL_FAST_MATH = YES;
				ONLY_ACTIVE_ARCH = YES;
				SDKROOT = iphoneos;
				SWIFT_ACTIVE_COMPILATION_CONDITIONS = DEBUG;
				SWIFT_OPTIMIZATION_LEVEL = "-Onone";
			};
			name = Debug;
		};
		31339C20286AAC6D00CB42DC /* Release */ = {
			isa = XCBuildConfiguration;
			buildSettings = {
				ALWAYS_SEARCH_USER_PATHS = NO;
				CLANG_ANALYZER_NONNULL = YES;
				CLANG_ANALYZER_NUMBER_OBJECT_CONVERSION = YES_AGGRESSIVE;
				CLANG_CXX_LANGUAGE_STANDARD = "gnu++17";
				CLANG_ENABLE_MODULES = YES;
				CLANG_ENABLE_OBJC_ARC = YES;
				CLANG_ENABLE_OBJC_WEAK = YES;
				CLANG_WARN_BLOCK_CAPTURE_AUTORELEASING = YES;
				CLANG_WARN_BOOL_CONVERSION = YES;
				CLANG_WARN_COMMA = YES;
				CLANG_WARN_CONSTANT_CONVERSION = YES;
				CLANG_WARN_DEPRECATED_OBJC_IMPLEMENTATIONS = YES;
				CLANG_WARN_DIRECT_OBJC_ISA_USAGE = YES_ERROR;
				CLANG_WARN_DOCUMENTATION_COMMENTS = YES;
				CLANG_WARN_EMPTY_BODY = YES;
				CLANG_WARN_ENUM_CONVERSION = YES;
				CLANG_WARN_INFINITE_RECURSION = YES;
				CLANG_WARN_INT_CONVERSION = YES;
				CLANG_WARN_NON_LITERAL_NULL_CONVERSION = YES;
				CLANG_WARN_OBJC_IMPLICIT_RETAIN_SELF = YES;
				CLANG_WARN_OBJC_LITERAL_CONVERSION = YES;
				CLANG_WARN_OBJC_ROOT_CLASS = YES_ERROR;
				CLANG_WARN_QUOTED_INCLUDE_IN_FRAMEWORK_HEADER = YES;
				CLANG_WARN_RANGE_LOOP_ANALYSIS = YES;
				CLANG_WARN_STRICT_PROTOTYPES = YES;
				CLANG_WARN_SUSPICIOUS_MOVE = YES;
				CLANG_WARN_UNGUARDED_AVAILABILITY = YES_AGGRESSIVE;
				CLANG_WARN_UNREACHABLE_CODE = YES;
				CLANG_WARN__DUPLICATE_METHOD_MATCH = YES;
				COPY_PHASE_STRIP = NO;
				DEBUG_INFORMATION_FORMAT = "dwarf-with-dsym";
				ENABLE_NS_ASSERTIONS = NO;
				ENABLE_STRICT_OBJC_MSGSEND = YES;
				GCC_C_LANGUAGE_STANDARD = gnu11;
				GCC_NO_COMMON_BLOCKS = YES;
				GCC_WARN_64_TO_32_BIT_CONVERSION = YES;
				GCC_WARN_ABOUT_RETURN_TYPE = YES_ERROR;
				GCC_WARN_UNDECLARED_SELECTOR = YES;
				GCC_WARN_UNINITIALIZED_AUTOS = YES_AGGRESSIVE;
				GCC_WARN_UNUSED_FUNCTION = YES;
				GCC_WARN_UNUSED_VARIABLE = YES;
				IPHONEOS_DEPLOYMENT_TARGET = 15.5;
				MTL_ENABLE_DEBUG_INFO = NO;
				MTL_FAST_MATH = YES;
				SDKROOT = iphoneos;
				SWIFT_COMPILATION_MODE = wholemodule;
				SWIFT_OPTIMIZATION_LEVEL = "-O";
				VALIDATE_PRODUCT = YES;
			};
			name = Release;
		};
		31339C22286AAC6D00CB42DC /* Debug */ = {
			isa = XCBuildConfiguration;
			buildSettings = {
				ASSETCATALOG_COMPILER_APPICON_NAME = AppIcon;
				ASSETCATALOG_COMPILER_GLOBAL_ACCENT_COLOR_NAME = AccentColor;
				CODE_SIGN_STYLE = Automatic;
				CURRENT_PROJECT_VERSION = 1;
				DEVELOPMENT_ASSET_PATHS = "\"TwitterSwiftUI/Preview Content\"";
				DEVELOPMENT_TEAM = S6V29A8HUW;
				ENABLE_PREVIEWS = YES;
				GENERATE_INFOPLIST_FILE = YES;
				INFOPLIST_KEY_UIApplicationSceneManifest_Generation = YES;
				INFOPLIST_KEY_UIApplicationSupportsIndirectInputEvents = YES;
				INFOPLIST_KEY_UILaunchScreen_Generation = YES;
				INFOPLIST_KEY_UISupportedInterfaceOrientations_iPad = "UIInterfaceOrientationPortrait UIInterfaceOrientationPortraitUpsideDown UIInterfaceOrientationLandscapeLeft UIInterfaceOrientationLandscapeRight";
				INFOPLIST_KEY_UISupportedInterfaceOrientations_iPhone = "UIInterfaceOrientationPortrait UIInterfaceOrientationLandscapeLeft UIInterfaceOrientationLandscapeRight";
				LD_RUNPATH_SEARCH_PATHS = (
					"$(inherited)",
					"@executable_path/Frameworks",
				);
				MARKETING_VERSION = 1.0;
				PRODUCT_BUNDLE_IDENTIFIER = com.john.TwitterSwiftUI;
				PRODUCT_NAME = "$(TARGET_NAME)";
				SWIFT_EMIT_LOC_STRINGS = YES;
				SWIFT_VERSION = 5.0;
				TARGETED_DEVICE_FAMILY = "1,2";
			};
			name = Debug;
		};
		31339C23286AAC6D00CB42DC /* Release */ = {
			isa = XCBuildConfiguration;
			buildSettings = {
				ASSETCATALOG_COMPILER_APPICON_NAME = AppIcon;
				ASSETCATALOG_COMPILER_GLOBAL_ACCENT_COLOR_NAME = AccentColor;
				CODE_SIGN_STYLE = Automatic;
				CURRENT_PROJECT_VERSION = 1;
				DEVELOPMENT_ASSET_PATHS = "\"TwitterSwiftUI/Preview Content\"";
				DEVELOPMENT_TEAM = S6V29A8HUW;
				ENABLE_PREVIEWS = YES;
				GENERATE_INFOPLIST_FILE = YES;
				INFOPLIST_KEY_UIApplicationSceneManifest_Generation = YES;
				INFOPLIST_KEY_UIApplicationSupportsIndirectInputEvents = YES;
				INFOPLIST_KEY_UILaunchScreen_Generation = YES;
				INFOPLIST_KEY_UISupportedInterfaceOrientations_iPad = "UIInterfaceOrientationPortrait UIInterfaceOrientationPortraitUpsideDown UIInterfaceOrientationLandscapeLeft UIInterfaceOrientationLandscapeRight";
				INFOPLIST_KEY_UISupportedInterfaceOrientations_iPhone = "UIInterfaceOrientationPortrait UIInterfaceOrientationLandscapeLeft UIInterfaceOrientationLandscapeRight";
				LD_RUNPATH_SEARCH_PATHS = (
					"$(inherited)",
					"@executable_path/Frameworks",
				);
				MARKETING_VERSION = 1.0;
				PRODUCT_BUNDLE_IDENTIFIER = com.john.TwitterSwiftUI;
				PRODUCT_NAME = "$(TARGET_NAME)";
				SWIFT_EMIT_LOC_STRINGS = YES;
				SWIFT_VERSION = 5.0;
				TARGETED_DEVICE_FAMILY = "1,2";
			};
			name = Release;
		};
/* End XCBuildConfiguration section */

/* Begin XCConfigurationList section */
		31339C0E286AAC6B00CB42DC /* Build configuration list for PBXProject "TwitterSwiftUI" */ = {
			isa = XCConfigurationList;
			buildConfigurations = (
				31339C1F286AAC6D00CB42DC /* Debug */,
				31339C20286AAC6D00CB42DC /* Release */,
			);
			defaultConfigurationIsVisible = 0;
			defaultConfigurationName = Release;
		};
		31339C21286AAC6D00CB42DC /* Build configuration list for PBXNativeTarget "TwitterSwiftUI" */ = {
			isa = XCConfigurationList;
			buildConfigurations = (
				31339C22286AAC6D00CB42DC /* Debug */,
				31339C23286AAC6D00CB42DC /* Release */,
			);
			defaultConfigurationIsVisible = 0;
			defaultConfigurationName = Release;
		};
/* End XCConfigurationList section */

/* Begin XCRemoteSwiftPackageReference section */
		31339C5F287138EB00CB42DC /* XCRemoteSwiftPackageReference "firebase-ios-sdk" */ = {
			isa = XCRemoteSwiftPackageReference;
			repositoryURL = "https://github.com/firebase/firebase-ios-sdk.git";
			requirement = {
				kind = upToNextMajorVersion;
				minimumVersion = 9.0.0;
			};
		};
		31499B6C2876467300B9CB73 /* XCRemoteSwiftPackageReference "Kingfisher" */ = {
			isa = XCRemoteSwiftPackageReference;
			repositoryURL = "https://github.com/onevcat/Kingfisher.git";
			requirement = {
				kind = upToNextMajorVersion;
				minimumVersion = 7.0.0;
			};
		};
/* End XCRemoteSwiftPackageReference section */

/* Begin XCSwiftPackageProductDependency section */
		31339C60287138EB00CB42DC /* FirebaseAuth */ = {
			isa = XCSwiftPackageProductDependency;
			package = 31339C5F287138EB00CB42DC /* XCRemoteSwiftPackageReference "firebase-ios-sdk" */;
			productName = FirebaseAuth;
		};
		31339C62287138EB00CB42DC /* FirebaseFirestore */ = {
			isa = XCSwiftPackageProductDependency;
			package = 31339C5F287138EB00CB42DC /* XCRemoteSwiftPackageReference "firebase-ios-sdk" */;
			productName = FirebaseFirestore;
		};
		31339C64287138EB00CB42DC /* FirebaseFunctions */ = {
			isa = XCSwiftPackageProductDependency;
			package = 31339C5F287138EB00CB42DC /* XCRemoteSwiftPackageReference "firebase-ios-sdk" */;
			productName = FirebaseFunctions;
		};
		31339C66287138EB00CB42DC /* FirebaseStorage */ = {
			isa = XCSwiftPackageProductDependency;
			package = 31339C5F287138EB00CB42DC /* XCRemoteSwiftPackageReference "firebase-ios-sdk" */;
			productName = FirebaseStorage;
		};
		31499B6D2876467300B9CB73 /* Kingfisher */ = {
			isa = XCSwiftPackageProductDependency;
			package = 31499B6C2876467300B9CB73 /* XCRemoteSwiftPackageReference "Kingfisher" */;
			productName = Kingfisher;
		};
/* End XCSwiftPackageProductDependency section */
	};
	rootObject = 31339C0B286AAC6B00CB42DC /* Project object */;
}
